{
  "originHash" : "68c5e294466a4da1d0a85ebdf98f159998633ee63ab451d8a7b6aa694d259666",
  "pins" : [
    {
      "identity" : "grdb.swift",
      "kind" : "remoteSourceControl",
      "location" : "https://github.com/groue/GRDB.swift",
      "state" : {
        "branch" : "master",
        "revision" : "aa0079aeb82a4bf00324561a40bffe68c6fe1c26"
      }
    },
    {
      "identity" : "swift-http-types",
      "kind" : "remoteSourceControl",
      "location" : "https://github.com/nanduri-srikanth/swift-http-types",
      "state" : {
        "branch" : "main",
        "revision" : "fd0c5215e373ff7a6242fa01a884051ddcefafdf"
      }
    }
  ],
  "version" : 3
}
